Microsoft Visual Studio Solution File, Format Version 12.00
# Visual Studio Version 17
VisualStudioVersion = 17.5.2.0
MinimumVisualStudioVersion = 10.0.40219.1
Project("{FAE04EC0-301F-11D3-BF4B-00C04F79EFBC}") = "AlleyCatBarbers", "AlleyCatBarbers.csproj", "{A2AF8F48-6D04-5535-DBDF-4AACFB0F08F8}"
EndProject
Global
	GlobalSection(SolutionConfigurationPlatforms) = preSolution
		Debug|Any CPU = Debug|Any CPU
		Release|Any CPU = Release|Any CPU
	EndGlobalSection
	GlobalSection(ProjectConfigurationPlatforms) = postSolution
		{A2AF8F48-6D04-5535-DBDF-4AACFB0F08F8}.Debug|Any CPU.ActiveCfg = Debug|Any CPU
		{A2AF8F48-6D04-5535-DBDF-4AACFB0F08F8}.Debug|Any CPU.Build.0 = Debug|Any CPU
		{A2AF8F48-6D04-5535-DBDF-4AACFB0F08F8}.Release|Any CPU.ActiveCfg = Release|Any CPU
		{A2AF8F48-6D04-5535-DBDF-4AACFB0F08F8}.Release|Any CPU.Build.0 = Release|Any CPU
	EndGlobalSection
	GlobalSection(SolutionProperties) = preSolution
		HideSolutionNode = FALSE
	EndGlobalSection
	GlobalSection(ExtensibilityGlobals) = postSolution
		SolutionGuid = {A1642CAC-2048-4298-BAC3-00BA655FCD0A}
	EndGlobalSection
EndGlobal
